
Microsoft Visual Studio Solution File, Format Version 12.00
# Visual Studio Version 17
VisualStudioVersion = 17.3.32901.215
MinimumVisualStudioVersion = 10.0.40219.1
Project("{FAE04EC0-301F-11D3-BF4B-00C04F79EFBC}") = "cv3.3", "cv3.3\cv3.3.csproj", "{A0CA1EF6-A892-4719-A4E6-20A649823FD0}"
EndProject
Global
	GlobalSection(SolutionConfigurationPlatforms) = preSolution
		Debug|Any CPU = Debug|Any CPU
		Release|Any CPU = Release|Any CPU
	EndGlobalSection
	GlobalSection(ProjectConfigurationPlatforms) = postSolution
		{A0CA1EF6-A892-4719-A4E6-20A649823FD0}.Debug|Any CPU.ActiveCfg = Debug|Any CPU
		{A0CA1EF6-A892-4719-A4E6-20A649823FD0}.Debug|Any CPU.Build.0 = Debug|Any CPU
		{A0CA1EF6-A892-4719-A4E6-20A649823FD0}.Release|Any CPU.ActiveCfg = Release|Any CPU
		{A0CA1EF6-A892-4719-A4E6-20A649823FD0}.Release|Any CPU.Build.0 = Release|Any CPU
	EndGlobalSection
	GlobalSection(SolutionProperties) = preSolution
		HideSolutionNode = FALSE
	EndGlobalSection
	GlobalSection(ExtensibilityGlobals) = postSolution
		SolutionGuid = {6DF2A5FE-1729-4BAA-8F81-2BFF52A1D2DD}
	EndGlobalSection
EndGlobal
